<?xml version="1.0" encoding="utf-8"?>
<Project ToolsVersion="4.0" xmlns="http://schemas.microsoft.com/developer/msbuild/2003">
  <ItemGroup>
    <ClCompile Include="main.cpp" />
    <ClCompile Include="imgui\imgui.cpp">
      <Filter>imgui</Filter>
    </ClCompile>
    <ClCompile Include="imgui\imgui_demo.cpp">
      <Filter>imgui</Filter>
    </ClCompile>
    <ClCompile Include="imgui\imgui_draw.cpp">
      <Filter>imgui</Filter>
    </ClCompile>
    <ClCompile Include="imgui\backends\imgui_impl_dx12.cpp">
      <Filter>imgui</Filter>
    </ClCompile>
    <ClCompile Include="imgui\backends\imgui_impl_win32.cpp">
      <Filter>imgui</Filter>
    </ClCompile>
    <ClCompile Include="imgui\imgui_tables.cpp">
      <Filter>imgui</Filter>
    </ClCompile>
    <ClCompile Include="imgui\imgui_widgets.cpp">
      <Filter>imgui</Filter>
    </ClCompile>
    <ClCompile Include="mnist\private\technique.cpp">
      <Filter>mnist\private</Filter>
    </ClCompile>
    <ClCompile Include="mnist\DX12Utils\CompileShaders_dxc.cpp">
      <Filter>mnist\DX12Utils</Filter>
    </ClCompile>
    <ClCompile Include="mnist\DX12Utils\CompileShaders_fxc.cpp">
      <Filter>mnist\DX12Utils</Filter>
    </ClCompile>
    <ClCompile Include="mnist\DX12Utils\dxutils.cpp">
      <Filter>mnist\DX12Utils</Filter>
    </ClCompile>
    <ClCompile Include="mnist\DX12Utils\FileCache.cpp">
      <Filter>mnist\DX12Utils</Filter>
    </ClCompile>
    <ClCompile Include="mnist\DX12Utils\TextureCache.cpp">
      <Filter>mnist\DX12Utils</Filter>
    </ClCompile>
    <ClCompile Include="mnist\DX12Utils\tinyexr\deps\miniz\miniz.c">
      <Filter>mnist\DX12Utils\tinyexr\deps\miniz</Filter>
    </ClCompile>
  </ItemGroup>
  <ItemGroup>
    <ClInclude Include="mnist\public\all.h">
      <Filter>mnist\public</Filter>
    </ClInclude>
    <ClInclude Include="mnist\public\imgui.h">
      <Filter>mnist\public</Filter>
    </ClInclude>
    <ClInclude Include="mnist\public\pythoninterface.h">
      <Filter>mnist\public</Filter>
    </ClInclude>
    <ClInclude Include="mnist\public\technique.h">
      <Filter>mnist\public</Filter>
    </ClInclude>
    <ClInclude Include="mnist\private\technique.h">
      <Filter>mnist\private</Filter>
    </ClInclude>
    <ClInclude Include="mnist\DX12Utils\CompileShaders.h">
      <Filter>mnist\DX12Utils</Filter>
    </ClInclude>
    <ClInclude Include="mnist\DX12Utils\DelayedReleaseTracker.h">
      <Filter>mnist\DX12Utils</Filter>
    </ClInclude>
    <ClInclude Include="mnist\DX12Utils\dxutils.h">
      <Filter>mnist\DX12Utils</Filter>
    </ClInclude>
    <ClInclude Include="mnist\DX12Utils\FileCache.h">
      <Filter>mnist\DX12Utils</Filter>
    </ClInclude>
    <ClInclude Include="mnist\DX12Utils\HeapAllocationTracker.h">
      <Filter>mnist\DX12Utils</Filter>
    </ClInclude>
    <ClInclude Include="mnist\DX12Utils\logfn.h">
      <Filter>mnist\DX12Utils</Filter>
    </ClInclude>
    <ClInclude Include="mnist\DX12Utils\ParseCSV.h">
      <Filter>mnist\DX12Utils</Filter>
    </ClInclude>
    <ClInclude Include="mnist\DX12Utils\ReadbackHelper.h">
      <Filter>mnist\DX12Utils</Filter>
    </ClInclude>
    <ClInclude Include="mnist\DX12Utils\SRGB.h">
      <Filter>mnist\DX12Utils</Filter>
    </ClInclude>
    <ClInclude Include="mnist\DX12Utils\TextureCache.h">
      <Filter>mnist\DX12Utils</Filter>
    </ClInclude>
    <ClInclude Include="mnist\DX12Utils\stb\stb_image.h">
      <Filter>mnist\DX12Utils\stb</Filter>
    </ClInclude>
    <ClInclude Include="mnist\DX12Utils\stb\stb_image_write.h">
      <Filter>mnist\DX12Utils\stb</Filter>
    </ClInclude>
    <ClInclude Include="mnist\DX12Utils\tinyexr\tinyexr.h">
      <Filter>mnist\DX12Utils\tinyexr</Filter>
    </ClInclude>
    <ClInclude Include="mnist\DX12Utils\tinyexr\deps\miniz\miniz.h">
      <Filter>mnist\DX12Utils\tinyexr\deps\miniz</Filter>
    </ClInclude>
  </ItemGroup>
  <ItemGroup>
    <Filter Include="imgui">
      <UniqueIdentifier>{7143353a-89ef-47ff-a90a-5c25aa3f747e}</UniqueIdentifier>
    </Filter>
    <Filter Include="mnist">
      <UniqueIdentifier>{c00a7547-2b89-4703-9388-5d02871f52a2}</UniqueIdentifier>
    </Filter>
    <Filter Include="mnist\private">
      <UniqueIdentifier>{0b3e28a3-1922-4e65-9508-c65d44b38ab7}</UniqueIdentifier>
    </Filter>
    <Filter Include="mnist\public">
      <UniqueIdentifier>{74cb452f-ec0c-45d4-b107-46e7b9fec413}</UniqueIdentifier>
    </Filter>
    <Filter Include="mnist\shaders">
      <UniqueIdentifier>{5b06f838-eb45-4e0b-a445-ea8638ccc919}</UniqueIdentifier>
    </Filter>
    <Filter Include="mnist\DX12Utils">
      <UniqueIdentifier>{ff0e1c52-a8a7-47b5-9e9c-a7c14673cc8c}</UniqueIdentifier>
    </Filter>
    <Filter Include="mnist\DX12Utils\stb">
      <UniqueIdentifier>{c49b5917-47d2-442d-86e3-7429ebfd0ac4}</UniqueIdentifier>
    </Filter>
    <Filter Include="mnist\DX12Utils\tinyexr">
      <UniqueIdentifier>{48ef629a-d601-4321-bb81-5486635b3e77}</UniqueIdentifier>
    </Filter>
    <Filter Include="mnist\DX12Utils\tinyexr\deps">
      <UniqueIdentifier>{066e23ac-5839-4b47-9a06-ee13858ba555}</UniqueIdentifier>
    </Filter>
    <Filter Include="mnist\DX12Utils\tinyexr\deps\miniz">
      <UniqueIdentifier>{92005e30-4bbe-4bea-96fb-0fd1dc33a900}</UniqueIdentifier>
    </Filter>
  </ItemGroup>
  <ItemGroup>
    <None Include="mnist\shaders\CalculateExtents.hlsl">
      <Filter>mnist\shaders</Filter>
    </None>
    <None Include="mnist\shaders\draw.hlsl">
      <Filter>mnist\shaders</Filter>
    </None>
    <None Include="mnist\shaders\HiddenLayer.hlsl">
      <Filter>mnist\shaders</Filter>
    </None>
    <None Include="mnist\shaders\OutputLayer.hlsl">
      <Filter>mnist\shaders</Filter>
    </None>
    <None Include="mnist\shaders\Presentation.hlsl">
      <Filter>mnist\shaders</Filter>
    </None>
    <None Include="mnist\shaders\shrink.hlsl">
      <Filter>mnist\shaders</Filter>
    </None>
  </ItemGroup>
</Project>